
Microsoft Visual Studio Solution File, Format Version 12.00
# Visual Studio Version 17
VisualStudioVersion = 17.12.35707.178
MinimumVisualStudioVersion = 10.0.40219.1
Project("{8BC9CEB8-8B4A-11D0-8D11-00A0C91BC942}") = "Pointers", "Pointers\Pointers.vcxproj", "{75EE3E8E-E0FD-4B02-9E99-DC244FA346F7}"
EndProject
Project("{8BC9CEB8-8B4A-11D0-8D11-00A0C91BC942}") = "TranferParametrs", "TranferParametrs\TranferParametrs.vcxproj", "{82801943-F149-4A75-A127-3054D59DF470}"
EndProject
Project("{8BC9CEB8-8B4A-11D0-8D11-00A0C91BC942}") = "References", "References\References.vcxproj", "{C0E1B6B4-9D27-4FB8-848B-4815DF8FF83B}"
EndProject
Project("{8BC9CEB8-8B4A-11D0-8D11-00A0C91BC942}") = "DynamicMemory", "DynamicMemory\DynamicMemory.vcxproj", "{CC9DE027-5933-4283-8D70-098108F27F85}"
EndProject
Global
	GlobalSection(SolutionConfigurationPlatforms) = preSolution
		Debug|x64 = Debug|x64
		Debug|x86 = Debug|x86
		Release|x64 = Release|x64
		Release|x86 = Release|x86
	EndGlobalSection
	GlobalSection(ProjectConfigurationPlatforms) = postSolution
		{75EE3E8E-E0FD-4B02-9E99-DC244FA346F7}.Debug|x64.ActiveCfg = Debug|x64
		{75EE3E8E-E0FD-4B02-9E99-DC244FA346F7}.Debug|x64.Build.0 = Debug|x64
		{75EE3E8E-E0FD-4B02-9E99-DC244FA346F7}.Debug|x86.ActiveCfg = Debug|Win32
		{75EE3E8E-E0FD-4B02-9E99-DC244FA346F7}.Debug|x86.Build.0 = Debug|Win32
		{75EE3E8E-E0FD-4B02-9E99-DC244FA346F7}.Release|x64.ActiveCfg = Release|x64
		{75EE3E8E-E0FD-4B02-9E99-DC244FA346F7}.Release|x64.Build.0 = Release|x64
		{75EE3E8E-E0FD-4B02-9E99-DC244FA346F7}.Release|x86.ActiveCfg = Release|Win32
		{75EE3E8E-E0FD-4B02-9E99-DC244FA346F7}.Release|x86.Build.0 = Release|Win32
		{82801943-F149-4A75-A127-3054D59DF470}.Debug|x64.ActiveCfg = Debug|x64
		{82801943-F149-4A75-A127-3054D59DF470}.Debug|x64.Build.0 = Debug|x64
		{82801943-F149-4A75-A127-3054D59DF470}.Debug|x86.ActiveCfg = Debug|Win32
		{82801943-F149-4A75-A127-3054D59DF470}.Debug|x86.Build.0 = Debug|Win32
		{82801943-F149-4A75-A127-3054D59DF470}.Release|x64.ActiveCfg = Release|x64
		{82801943-F149-4A75-A127-3054D59DF470}.Release|x64.Build.0 = Release|x64
		{82801943-F149-4A75-A127-3054D59DF470}.Release|x86.ActiveCfg = Release|Win32
		{82801943-F149-4A75-A127-3054D59DF470}.Release|x86.Build.0 = Release|Win32
		{C0E1B6B4-9D27-4FB8-848B-4815DF8FF83B}.Debug|x64.ActiveCfg = Debug|x64
		{C0E1B6B4-9D27-4FB8-848B-4815DF8FF83B}.Debug|x64.Build.0 = Debug|x64
		{C0E1B6B4-9D27-4FB8-848B-4815DF8FF83B}.Debug|x86.ActiveCfg = Debug|Win32
		{C0E1B6B4-9D27-4FB8-848B-4815DF8FF83B}.Debug|x86.Build.0 = Debug|Win32
		{C0E1B6B4-9D27-4FB8-848B-4815DF8FF83B}.Release|x64.ActiveCfg = Release|x64
		{C0E1B6B4-9D27-4FB8-848B-4815DF8FF83B}.Release|x64.Build.0 = Release|x64
		{C0E1B6B4-9D27-4FB8-848B-4815DF8FF83B}.Release|x86.ActiveCfg = Release|Win32
		{C0E1B6B4-9D27-4FB8-848B-4815DF8FF83B}.Release|x86.Build.0 = Release|Win32
		{CC9DE027-5933-4283-8D70-098108F27F85}.Debug|x64.ActiveCfg = Debug|x64
		{CC9DE027-5933-4283-8D70-098108F27F85}.Debug|x64.Build.0 = Debug|x64
		{CC9DE027-5933-4283-8D70-098108F27F85}.Debug|x86.ActiveCfg = Debug|Win32
		{CC9DE027-5933-4283-8D70-098108F27F85}.Debug|x86.Build.0 = Debug|Win32
		{CC9DE027-5933-4283-8D70-098108F27F85}.Release|x64.ActiveCfg = Release|x64
		{CC9DE027-5933-4283-8D70-098108F27F85}.Release|x64.Build.0 = Release|x64
		{CC9DE027-5933-4283-8D70-098108F27F85}.Release|x86.ActiveCfg = Release|Win32
		{CC9DE027-5933-4283-8D70-098108F27F85}.Release|x86.Build.0 = Release|Win32
	EndGlobalSection
	GlobalSection(SolutionProperties) = preSolution
		HideSolutionNode = FALSE
	EndGlobalSection
EndGlobal
